
Microsoft Visual Studio Solution File, Format Version 12.00
# Visual Studio Version 17
VisualStudioVersion = 17.4.33205.214
MinimumVisualStudioVersion = 10.0.40219.1
Project("{FAE04EC0-301F-11D3-BF4B-00C04F79EFBC}") = "AlgorithmsAndDataStructures", "AlgorithmsAndDataStructures.csproj", "{F23EB26B-19AF-415A-ADC3-C44F608B9D93}"
EndProject
Global
	GlobalSection(SolutionConfigurationPlatforms) = preSolution
		Debug|Any CPU = Debug|Any CPU
		Release|Any CPU = Release|Any CPU
	EndGlobalSection
	GlobalSection(ProjectConfigurationPlatforms) = postSolution
		{F23EB26B-19AF-415A-ADC3-C44F608B9D93}.Debug|Any CPU.ActiveCfg = Debug|Any CPU
		{F23EB26B-19AF-415A-ADC3-C44F608B9D93}.Debug|Any CPU.Build.0 = Debug|Any CPU
		{F23EB26B-19AF-415A-ADC3-C44F608B9D93}.Release|Any CPU.ActiveCfg = Release|Any CPU
		{F23EB26B-19AF-415A-ADC3-C44F608B9D93}.Release|Any CPU.Build.0 = Release|Any CPU
	EndGlobalSection
	GlobalSection(SolutionProperties) = preSolution
		HideSolutionNode = FALSE
	EndGlobalSection
	GlobalSection(ExtensibilityGlobals) = postSolution
		SolutionGuid = {21766B21-5E9C-4AE2-94A0-285C38D71F84}
	EndGlobalSection
EndGlobal
